
Microsoft Visual Studio Solution File, Format Version 12.00
# Visual Studio Version 17
VisualStudioVersion = 17.0.32112.339
MinimumVisualStudioVersion = 10.0.40219.1
Project("{9A19103F-16F7-4668-BE54-9A1E7A4F7556}") = "SuggestionAppUI", "SuggestionAppUI\SuggestionAppUI.csproj", "{A3216B66-35B1-4A2A-B8FE-84B1CCEF7CFF}"
EndProject
Project("{9A19103F-16F7-4668-BE54-9A1E7A4F7556}") = "SuggestionAppLibrary", "SuggestionAppLibrary\SuggestionAppLibrary.csproj", "{53CBC5A1-AE5D-467B-94C7-F0BB9D51E1F5}"
EndProject
Project("{2150E333-8FDC-42A3-9474-1A3956D46DE8}") = "Solution Items", "Solution Items", "{4FCB82FF-B143-4E84-9F7E-B52FB44CD138}"
	ProjectSection(SolutionItems) = preProject
		.editorconfig = .editorconfig
	EndProjectSection
EndProject
Global
	GlobalSection(SolutionConfigurationPlatforms) = preSolution
		Debug|Any CPU = Debug|Any CPU
		Release|Any CPU = Release|Any CPU
	EndGlobalSection
	GlobalSection(ProjectConfigurationPlatforms) = postSolution
		{A3216B66-35B1-4A2A-B8FE-84B1CCEF7CFF}.Debug|Any CPU.ActiveCfg = Debug|Any CPU
		{A3216B66-35B1-4A2A-B8FE-84B1CCEF7CFF}.Debug|Any CPU.Build.0 = Debug|Any CPU
		{A3216B66-35B1-4A2A-B8FE-84B1CCEF7CFF}.Release|Any CPU.ActiveCfg = Release|Any CPU
		{A3216B66-35B1-4A2A-B8FE-84B1CCEF7CFF}.Release|Any CPU.Build.0 = Release|Any CPU
		{53CBC5A1-AE5D-467B-94C7-F0BB9D51E1F5}.Debug|Any CPU.ActiveCfg = Debug|Any CPU
		{53CBC5A1-AE5D-467B-94C7-F0BB9D51E1F5}.Debug|Any CPU.Build.0 = Debug|Any CPU
		{53CBC5A1-AE5D-467B-94C7-F0BB9D51E1F5}.Release|Any CPU.ActiveCfg = Release|Any CPU
		{53CBC5A1-AE5D-467B-94C7-F0BB9D51E1F5}.Release|Any CPU.Build.0 = Release|Any CPU
	EndGlobalSection
	GlobalSection(SolutionProperties) = preSolution
		HideSolutionNode = FALSE
	EndGlobalSection
	GlobalSection(ExtensibilityGlobals) = postSolution
		SolutionGuid = {6B7A1C87-2EAC-4555-B58B-1B32C966D7ED}
	EndGlobalSection
EndGlobal
